// !$*UTF8*$!
{
	archiveVersion = 1;
	classes = {
	};
	objectVersion = 48;
	objects = {

/* Begin PBXBuildFile section */
		BFCFDB12206DB4C400365701 /* AppDelegate.swift in Sources */ = {isa = PBXBuildFile; fileRef = BFCFDB11206DB4C400365701 /* AppDelegate.swift */; };
		BFCFDB14206DB4C400365701 /* ViewController.swift in Sources */ = {isa = PBXBuildFile; fileRef = BFCFDB13206DB4C400365701 /* ViewController.swift */; };
		BFCFDB17206DB4C400365701 /* Main.storyboard in Resources */ = {isa = PBXBuildFile; fileRef = BFCFDB15206DB4C400365701 /* Main.storyboard */; };
		BFCFDB19206DB4C400365701 /* Assets.xcassets in Resources */ = {isa = PBXBuildFile; fileRef = BFCFDB18206DB4C400365701 /* Assets.xcassets */; };
		BFCFDB1C206DB4C400365701 /* LaunchScreen.storyboard in Resources */ = {isa = PBXBuildFile; fileRef = BFCFDB1A206DB4C400365701 /* LaunchScreen.storyboard */; };
		BFCFDB24206DBA8000365701 /* PersonCell.swift in Sources */ = {isa = PBXBuildFile; fileRef = BFCFDB23206DBA8000365701 /* PersonCell.swift */; };
		BFCFDB26206F030700365701 /* Person.swift in Sources */ = {isa = PBXBuildFile; fileRef = BFCFDB25206F030700365701 /* Person.swift */; };
/* End PBXBuildFile section */

/* Begin PBXFileReference section */
		BFCFDB0E206DB4C400365701 /* names-to-faces.app */ = {isa = PBXFileReference; explicitFileType = wrapper.application; includeInIndex = 0; path = "names-to-faces.app"; sourceTree = BUILT_PRODUCTS_DIR; };
		BFCFDB11206DB4C400365701 /* AppDelegate.swift */ = {isa = PBXFileReference; lastKnownFileType = sourcecode.swift; path = AppDelegate.swift; sourceTree = "<group>"; };
		BFCFDB13206DB4C400365701 /* ViewController.swift */ = {isa = PBXFileReference; lastKnownFileType = sourcecode.swift; path = ViewController.swift; sourceTree = "<group>"; };
		BFCFDB16206DB4C400365701 /* Base */ = {isa = PBXFileReference; lastKnownFileType = file.storyboard; name = Base; path = Base.lproj/Main.storyboard; sourceTree = "<group>"; };
		BFCFDB18206DB4C400365701 /* Assets.xcassets */ = {isa = PBXFileReference; lastKnownFileType = folder.assetcatalog; path = Assets.xcassets; sourceTree = "<group>"; };
		BFCFDB1B206DB4C400365701 /* Base */ = {isa = PBXFileReference; lastKnownFileType = file.storyboard; name = Base; path = Base.lproj/LaunchScreen.storyboard; sourceTree = "<group>"; };
		BFCFDB1D206DB4C400365701 /* Info.plist */ = {isa = PBXFileReference; lastKnownFileType = text.plist.xml; path = Info.plist; sourceTree = "<group>"; };
		BFCFDB23206DBA8000365701 /* PersonCell.swift */ = {isa = PBXFileReference; lastKnownFileType = sourcecode.swift; path = PersonCell.swift; sourceTree = "<group>"; };
		BFCFDB25206F030700365701 /* Person.swift */ = {isa = PBXFileReference; lastKnownFileType = sourcecode.swift; path = Person.swift; sourceTree = "<group>"; };
/* End PBXFileReference section */

/* Begin PBXFrameworksBuildPhase section */
		BFCFDB0B206DB4C400365701 /* Frameworks */ = {
			isa = PBXFrameworksBuildPhase;
			buildActionMask = 2147483647;
			files = (
			);
			runOnlyForDeploymentPostprocessing = 0;
		};
/* End PBXFrameworksBuildPhase section */

/* Begin PBXGroup section */
		BFCFDB05206DB4C400365701 = {
			isa = PBXGroup;
			children = (
				BFCFDB10206DB4C400365701 /* names-to-faces */,
				BFCFDB0F206DB4C400365701 /* Products */,
			);
			sourceTree = "<group>";
		};
		BFCFDB0F206DB4C400365701 /* Products */ = {
			isa = PBXGroup;
			children = (
				BFCFDB0E206DB4C400365701 /* names-to-faces.app */,
			);
			name = Products;
			sourceTree = "<group>";
		};
		BFCFDB10206DB4C400365701 /* names-to-faces */ = {
			isa = PBXGroup;
			children = (
				BFCFDB11206DB4C400365701 /* AppDelegate.swift */,
				BFCFDB13206DB4C400365701 /* ViewController.swift */,
				BFCFDB25206F030700365701 /* Person.swift */,
				BFCFDB23206DBA8000365701 /* PersonCell.swift */,
				BFCFDB15206DB4C400365701 /* Main.storyboard */,
				BFCFDB18206DB4C400365701 /* Assets.xcassets */,
				BFCFDB1A206DB4C400365701 /* LaunchScreen.storyboard */,
				BFCFDB1D206DB4C400365701 /* Info.plist */,
			);
			path = "names-to-faces";
			sourceTree = "<group>";
		};
/* End PBXGroup section */

/* Begin PBXNativeTarget section */
		BFCFDB0D206DB4C400365701 /* names-to-faces */ = {
			isa = PBXNativeTarget;
			buildConfigurationList = BFCFDB20206DB4C400365701 /* Build configuration list for PBXNativeTarget "names-to-faces" */;
			buildPhases = (
				BFCFDB0A206DB4C400365701 /* Sources */,
				BFCFDB0B206DB4C400365701 /* Frameworks */,
				BFCFDB0C206DB4C400365701 /* Resources */,
			);
			buildRules = (
			);
			dependencies = (
			);
			name = "names-to-faces";
			productName = "names-to-faces";
			productReference = BFCFDB0E206DB4C400365701 /* names-to-faces.app */;
			productType = "com.apple.product-type.application";
		};
/* End PBXNativeTarget section */

/* Begin PBXProject section */
		BFCFDB06206DB4C400365701 /* Project object */ = {
			isa = PBXProject;
			attributes = {
				LastSwiftUpdateCheck = 0920;
				LastUpgradeCheck = 0920;
				ORGANIZATIONNAME = "Amanda Reinhard";
				TargetAttributes = {
					BFCFDB0D206DB4C400365701 = {
						CreatedOnToolsVersion = 9.2;
						ProvisioningStyle = Automatic;
					};
				};
			};
			buildConfigurationList = BFCFDB09206DB4C400365701 /* Build configuration list for PBXProject "names-to-faces" */;
			compatibilityVersion = "Xcode 8.0";
			developmentRegion = en;
			hasScannedForEncodings = 0;
			knownRegions = (
				en,
				Base,
			);
			mainGroup = BFCFDB05206DB4C400365701;
			productRefGroup = BFCFDB0F206DB4C400365701 /* Products */;
			projectDirPath = "";
			projectRoot = "";
			targets = (
				BFCFDB0D206DB4C400365701 /* names-to-faces */,
			);
		};
/* End PBXProject section */

/* Begin PBXResourcesBuildPhase section */
		BFCFDB0C206DB4C400365701 /* Resources */ = {
			isa = PBXResourcesBuildPhase;
			buildActionMask = 2147483647;
			files = (
				BFCFDB1C206DB4C400365701 /* LaunchScreen.storyboard in Resources */,
				BFCFDB19206DB4C400365701 /* Assets.xcassets in Resources */,
				BFCFDB17206DB4C400365701 /* Main.storyboard in Resources */,
			);
			runOnlyForDeploymentPostprocessing = 0;
		};
/* End PBXResourcesBuildPhase section */

/* Begin PBXSourcesBuildPhase section */
		BFCFDB0A206DB4C400365701 /* Sources */ = {
			isa = PBXSourcesBuildPhase;
			buildActionMask = 2147483647;
			files = (
				BFCFDB24206DBA8000365701 /* PersonCell.swift in Sources */,
				BFCFDB14206DB4C400365701 /* ViewController.swift in Sources */,
				BFCFDB26206F030700365701 /* Person.swift in Sources */,
				BFCFDB12206DB4C400365701 /* AppDelegate.swift in Sources */,
			);
			runOnlyForDeploymentPostprocessing = 0;
		};
/* End PBXSourcesBuildPhase section */

/* Begin PBXVariantGroup section */
		BFCFDB15206DB4C400365701 /* Main.storyboard */ = {
			isa = PBXVariantGroup;
			children = (
				BFCFDB16206DB4C400365701 /* Base */,
			);
			name = Main.storyboard;
			sourceTree = "<group>";
		};
		BFCFDB1A206DB4C400365701 /* LaunchScreen.storyboard */ = {
			isa = PBXVariantGroup;
			children = (
				BFCFDB1B206DB4C400365701 /* Base */,
			);
			name = LaunchScreen.storyboard;
			sourceTree = "<group>";
		};
/* End PBXVariantGroup section */

/* Begin XCBuildConfiguration section */
		BFCFDB1E206DB4C400365701 /* Debug */ = {
			isa = XCBuildConfiguration;
			buildSettings = {
				ALWAYS_SEARCH_USER_PATHS = NO;
				CLANG_ANALYZER_NONNULL = YES;
				CLANG_ANALYZER_NUMBER_OBJECT_CONVERSION = YES_AGGRESSIVE;
				CLANG_CXX_LANGUAGE_STANDARD = "gnu++14";
				CLANG_CXX_LIBRARY = "libc++";
				CLANG_ENABLE_MODULES = YES;
				CLANG_ENABLE_OBJC_ARC = YES;
				CLANG_WARN_BLOCK_CAPTURE_AUTORELEASING = YES;
				CLANG_WARN_BOOL_CONVERSION = YES;
				CLANG_WARN_COMMA = YES;
				CLANG_WARN_CONSTANT_CONVERSION = YES;
				CLANG_WARN_DIRECT_OBJC_ISA_USAGE = YES_ERROR;
				CLANG_WARN_DOCUMENTATION_COMMENTS = YES;
				CLANG_WARN_EMPTY_BODY = YES;
				CLANG_WARN_ENUM_CONVERSION = YES;
				CLANG_WARN_INFINITE_RECURSION = YES;
				CLANG_WARN_INT_CONVERSION = YES;
				CLANG_WARN_NON_LITERAL_NULL_CONVERSION = YES;
				CLANG_WARN_OBJC_LITERAL_CONVERSION = YES;
				CLANG_WARN_OBJC_ROOT_CLASS = YES_ERROR;
				CLANG_WARN_RANGE_LOOP_ANALYSIS = YES;
				CLANG_WARN_STRICT_PROTOTYPES = YES;
				CLANG_WARN_SUSPICIOUS_MOVE = YES;
				CLANG_WARN_UNGUARDED_AVAILABILITY = YES_AGGRESSIVE;
				CLANG_WARN_UNREACHABLE_CODE = YES;
				CLANG_WARN__DUPLICATE_METHOD_MATCH = YES;
				CODE_SIGN_IDENTITY = "iPhone Developer";
				COPY_PHASE_STRIP = NO;
				DEBUG_INFORMATION_FORMAT = dwarf;
				ENABLE_STRICT_OBJC_MSGSEND = YES;
				ENABLE_TESTABILITY = YES;
				GCC_C_LANGUAGE_STANDARD = gnu11;
				GCC_DYNAMIC_NO_PIC = NO;
				GCC_NO_COMMON_BLOCKS = YES;
				GCC_OPTIMIZATION_LEVEL = 0;
				GCC_PREPROCESSOR_DEFINITIONS = (
					"DEBUG=1",
					"$(inherited)",
				);
				GCC_WARN_64_TO_32_BIT_CONVERSION = YES;
				GCC_WARN_ABOUT_RETURN_TYPE = YES_ERROR;
				GCC_WARN_UNDECLARED_SELECTOR = YES;
				GCC_WARN_UNINITIALIZED_AUTOS = YES_AGGRESSIVE;
				GCC_WARN_UNUSED_FUNCTION = YES;
				GCC_WARN_UNUSED_VARIABLE = YES;
				IPHONEOS_DEPLOYMENT_TARGET = 11.2;
				MTL_ENABLE_DEBUG_INFO = YES;
				ONLY_ACTIVE_ARCH = YES;
				SDKROOT = iphoneos;
				SWIFT_ACTIVE_COMPILATION_CONDITIONS = DEBUG;
				SWIFT_OPTIMIZATION_LEVEL = "-Onone";
			};
			name = Debug;
		};
		BFCFDB1F206DB4C400365701 /* Release */ = {
			isa = XCBuildConfiguration;
			buildSettings = {
				ALWAYS_SEARCH_USER_PATHS = NO;
				CLANG_ANALYZER_NONNULL = YES;
				CLANG_ANALYZER_NUMBER_OBJECT_CONVERSION = YES_AGGRESSIVE;
				CLANG_CXX_LANGUAGE_STANDARD = "gnu++14";
				CLANG_CXX_LIBRARY = "libc++";
				CLANG_ENABLE_MODULES = YES;
				CLANG_ENABLE_OBJC_ARC = YES;
				CLANG_WARN_BLOCK_CAPTURE_AUTORELEASING = YES;
				CLANG_WARN_BOOL_CONVERSION = YES;
				CLANG_WARN_COMMA = YES;
				CLANG_WARN_CONSTANT_CONVERSION = YES;
				CLANG_WARN_DIRECT_OBJC_ISA_USAGE = YES_ERROR;
				CLANG_WARN_DOCUMENTATION_COMMENTS = YES;
				CLANG_WARN_EMPTY_BODY = YES;
				CLANG_WARN_ENUM_CONVERSION = YES;
				CLANG_WARN_INFINITE_RECURSION = YES;
				CLANG_WARN_INT_CONVERSION = YES;
				CLANG_WARN_NON_LITERAL_NULL_CONVERSION = YES;
				CLANG_WARN_OBJC_LITERAL_CONVERSION = YES;
				CLANG_WARN_OBJC_ROOT_CLASS = YES_ERROR;
				CLANG_WARN_RANGE_LOOP_ANALYSIS = YES;
				CLANG_WARN_STRICT_PROTOTYPES = YES;
				CLANG_WARN_SUSPICIOUS_MOVE = YES;
				CLANG_WARN_UNGUARDED_AVAILABILITY = YES_AGGRESSIVE;
				CLANG_WARN_UNREACHABLE_CODE = YES;
				CLANG_WARN__DUPLICATE_METHOD_MATCH = YES;
				CODE_SIGN_IDENTITY = "iPhone Developer";
				COPY_PHASE_STRIP = NO;
				DEBUG_INFORMATION_FORMAT = "dwarf-with-dsym";
				ENABLE_NS_ASSERTIONS = NO;
				ENABLE_STRICT_OBJC_MSGSEND = YES;
				GCC_C_LANGUAGE_STANDARD = gnu11;
				GCC_NO_COMMON_BLOCKS = YES;
				GCC_WARN_64_TO_32_BIT_CONVERSION = YES;
				GCC_WARN_ABOUT_RETURN_TYPE = YES_ERROR;
				GCC_WARN_UNDECLARED_SELECTOR = YES;
				GCC_WARN_UNINITIALIZED_AUTOS = YES_AGGRESSIVE;
				GCC_WARN_UNUSED_FUNCTION = YES;
				GCC_WARN_UNUSED_VARIABLE = YES;
				IPHONEOS_DEPLOYMENT_TARGET = 11.2;
				MTL_ENABLE_DEBUG_INFO = NO;
				SDKROOT = iphoneos;
				SWIFT_OPTIMIZATION_LEVEL = "-Owholemodule";
				VALIDATE_PRODUCT = YES;
			};
			name = Release;
		};
		BFCFDB21206DB4C400365701 /* Debug */ = {
			isa = XCBuildConfiguration;
			buildSettings = {
				ASSETCATALOG_COMPILER_APPICON_NAME = AppIcon;
				CODE_SIGN_STYLE = Automatic;
				DEVELOPMENT_TEAM = 8ADP3UVM5F;
				INFOPLIST_FILE = "names-to-faces/Info.plist";
				LD_RUNPATH_SEARCH_PATHS = "$(inherited) @executable_path/Frameworks";
				PRODUCT_BUNDLE_IDENTIFIER = "com.amreinhard.names-to-faces";
				PRODUCT_NAME = "$(TARGET_NAME)";
				SWIFT_VERSION = 4.0;
				TARGETED_DEVICE_FAMILY = "1,2";
			};
			name = Debug;
		};
		BFCFDB22206DB4C400365701 /* Release */ = {
			isa = XCBuildConfiguration;
			buildSettings = {
				ASSETCATALOG_COMPILER_APPICON_NAME = AppIcon;
				CODE_SIGN_STYLE = Automatic;
				DEVELOPMENT_TEAM = 8ADP3UVM5F;
				INFOPLIST_FILE = "names-to-faces/Info.plist";
				LD_RUNPATH_SEARCH_PATHS = "$(inherited) @executable_path/Frameworks";
				PRODUCT_BUNDLE_IDENTIFIER = "com.amreinhard.names-to-faces";
				PRODUCT_NAME = "$(TARGET_NAME)";
				SWIFT_VERSION = 4.0;
				TARGETED_DEVICE_FAMILY = "1,2";
			};
			name = Release;
		};
/* End XCBuildConfiguration section */

/* Begin XCConfigurationList section */
		BFCFDB09206DB4C400365701 /* Build configuration list for PBXProject "names-to-faces" */ = {
			isa = XCConfigurationList;
			buildConfigurations = (
				BFCFDB1E206DB4C400365701 /* Debug */,
				BFCFDB1F206DB4C400365701 /* Release */,
			);
			defaultConfigurationIsVisible = 0;
			defaultConfigurationName = Release;
		};
		BFCFDB20206DB4C400365701 /* Build configuration list for PBXNativeTarget "names-to-faces" */ = {
			isa = XCConfigurationList;
			buildConfigurations = (
				BFCFDB21206DB4C400365701 /* Debug */,
				BFCFDB22206DB4C400365701 /* Release */,
			);
			defaultConfigurationIsVisible = 0;
			defaultConfigurationName = Release;
		};
/* End XCConfigurationList section */
	};
	rootObject = BFCFDB06206DB4C400365701 /* Project object */;
}
